
Microsoft Visual Studio Solution File, Format Version 12.00
# Visual Studio Version 16
VisualStudioVersion = 16.0.30406.217
MinimumVisualStudioVersion = 10.0.40219.1
Project("{FAE04EC0-301F-11D3-BF4B-00C04F79EFBC}") = "ScreenRuler", "ScreenRuler\ScreenRuler.csproj", "{67B8F96E-8237-4C57-983B-A2CA5BDDC9AE}"
EndProject
Project("{2150E333-8FDC-42A3-9474-1A3956D46DE8}") = "Solution Items", "Solution Items", "{6A4246E2-D82B-4BAC-BDD1-F3B198ABC8A4}"
	ProjectSection(SolutionItems) = preProject
		Changelog.md = Changelog.md
		CONTRIBUTORS.md = CONTRIBUTORS.md
		LICENSE.txt = LICENSE.txt
		README.md = README.md
	EndProjectSection
EndProject
Project("{2150E333-8FDC-42A3-9474-1A3956D46DE8}") = "img", "img", "{E2560076-F4E6-44D0-843A-2F251607367E}"
	ProjectSection(SolutionItems) = preProject
		img\icon.png = img\icon.png
		img\screenruler_2d.png = img\screenruler_2d.png
		img\screenruler_styles_small.png = img\screenruler_styles_small.png
	EndProjectSection
EndProject
Project("{2150E333-8FDC-42A3-9474-1A3956D46DE8}") = "choco", "choco", "{AAA7F469-AAC5-4DD7-AC3C-619BAE233F57}"
	ProjectSection(SolutionItems) = preProject
		choco\screenruler.nuspec = choco\screenruler.nuspec
	EndProjectSection
EndProject
Project("{2150E333-8FDC-42A3-9474-1A3956D46DE8}") = "tools", "tools", "{07FDF133-B8EB-40FF-9216-9F8D2239D11F}"
	ProjectSection(SolutionItems) = preProject
		choco\tools\chocolateyinstall.ps1 = choco\tools\chocolateyinstall.ps1
		choco\tools\chocolateyUninstall.ps1 = choco\tools\chocolateyUninstall.ps1
	EndProjectSection
EndProject
Global
	GlobalSection(SolutionConfigurationPlatforms) = preSolution
		Debug|Any CPU = Debug|Any CPU
		Publish-Portable|Any CPU = Publish-Portable|Any CPU
		Publish-Release|Any CPU = Publish-Release|Any CPU
		Release|Any CPU = Release|Any CPU
	EndGlobalSection
	GlobalSection(ProjectConfigurationPlatforms) = postSolution
		{67B8F96E-8237-4C57-983B-A2CA5BDDC9AE}.Debug|Any CPU.ActiveCfg = Debug|Any CPU
		{67B8F96E-8237-4C57-983B-A2CA5BDDC9AE}.Debug|Any CPU.Build.0 = Debug|Any CPU
		{67B8F96E-8237-4C57-983B-A2CA5BDDC9AE}.Publish-Portable|Any CPU.ActiveCfg = Portable|Any CPU
		{67B8F96E-8237-4C57-983B-A2CA5BDDC9AE}.Publish-Portable|Any CPU.Build.0 = Portable|Any CPU
		{67B8F96E-8237-4C57-983B-A2CA5BDDC9AE}.Publish-Release|Any CPU.ActiveCfg = Release|Any CPU
		{67B8F96E-8237-4C57-983B-A2CA5BDDC9AE}.Publish-Release|Any CPU.Build.0 = Release|Any CPU
		{67B8F96E-8237-4C57-983B-A2CA5BDDC9AE}.Release|Any CPU.ActiveCfg = Release|Any CPU
		{67B8F96E-8237-4C57-983B-A2CA5BDDC9AE}.Release|Any CPU.Build.0 = Release|Any CPU
	EndGlobalSection
	GlobalSection(SolutionProperties) = preSolution
		HideSolutionNode = FALSE
	EndGlobalSection
	GlobalSection(NestedProjects) = preSolution
		{E2560076-F4E6-44D0-843A-2F251607367E} = {6A4246E2-D82B-4BAC-BDD1-F3B198ABC8A4}
		{AAA7F469-AAC5-4DD7-AC3C-619BAE233F57} = {6A4246E2-D82B-4BAC-BDD1-F3B198ABC8A4}
		{07FDF133-B8EB-40FF-9216-9F8D2239D11F} = {AAA7F469-AAC5-4DD7-AC3C-619BAE233F57}
	EndGlobalSection
	GlobalSection(ExtensibilityGlobals) = postSolution
		RESX_TaskErrorCategory = Message
		RESX_ShowErrorsInErrorList = True
		SolutionGuid = {3D95859A-FF01-44A8-A580-18614EAEC245}
		RESX_Rules = {"EnabledRules":["StringFormat","WhiteSpaceLead","WhiteSpaceTail","PunctuationTail"]}
	EndGlobalSection
EndGlobal
